{
	"name": "shst",
	"version": "0.0.0",
	"lockfileVersion": 1,
	"requires": true,
	"dependencies": {
		"@types/camelcase": {
			"version": "5.2.0",
			"resolved": "https://registry.npmjs.org/@types/camelcase/-/camelcase-5.2.0.tgz",
			"integrity": "sha512-zhHaryYYUUsJ1h6Rq4hisPkljY7c2bkC5PFYQbom5fyKloGJEDK+wdsw2L4hnBwXr4plGjW6D/UVJBbNbOzVpQ==",
			"dev": true,
			"requires": {
				"camelcase": "*"
			}
		},
		"@types/uuid": {
			"version": "8.0.0",
			"resolved": "https://registry.npmjs.org/@types/uuid/-/uuid-8.0.0.tgz",
			"integrity": "sha512-xSQfNcvOiE5f9dyd4Kzxbof1aTrLobL278pGLKOZI6esGfZ7ts9Ka16CzIN6Y8hFHE1C7jIBZokULhK1bOgjRw==",
			"dev": true
		},
		"camelcase": {
			"version": "5.3.1",
			"resolved": "https://registry.npmjs.org/camelcase/-/camelcase-5.3.1.tgz",
			"integrity": "sha512-L28STB170nwWS63UjtlEOE3dldQApaJXZkOI1uMFfzf3rRuPegHaHesyee+YxQ+W6SvRDQV6UrdOdRiR153wJg=="
		},
		"uuid": {
			"version": "8.2.0",
			"resolved": "https://registry.npmjs.org/uuid/-/uuid-8.2.0.tgz",
			"integrity": "sha512-CYpGiFTUrmI6OBMkAdjSDM0k5h8SkkiTP4WAjQgDgNB1S3Ou9VBEvr6q0Kv2H1mMk7IWfxYGpMH5sd5AvcIV2Q=="
		}
	}
}
